
Microsoft Visual Studio Solution File, Format Version 12.00
# Visual Studio Version 16
VisualStudioVersion = 16.0.30907.101
MinimumVisualStudioVersion = 10.0.40219.1
Project("{FAE04EC0-301F-11D3-BF4B-00C04F79EFBC}") = "Mod7Demo1", "Mod7Demo1.csproj", "{AB772017-D887-4B4C-9859-3B3A5B7D4700}"
EndProject
Global
	GlobalSection(SolutionConfigurationPlatforms) = preSolution
		Debug|Any CPU = Debug|Any CPU
		Release|Any CPU = Release|Any CPU
	EndGlobalSection
	GlobalSection(ProjectConfigurationPlatforms) = postSolution
		{AB772017-D887-4B4C-9859-3B3A5B7D4700}.Debug|Any CPU.ActiveCfg = Debug|Any CPU
		{AB772017-D887-4B4C-9859-3B3A5B7D4700}.Debug|Any CPU.Build.0 = Debug|Any CPU
		{AB772017-D887-4B4C-9859-3B3A5B7D4700}.Release|Any CPU.ActiveCfg = Release|Any CPU
		{AB772017-D887-4B4C-9859-3B3A5B7D4700}.Release|Any CPU.Build.0 = Release|Any CPU
	EndGlobalSection
	GlobalSection(SolutionProperties) = preSolution
		HideSolutionNode = FALSE
	EndGlobalSection
	GlobalSection(ExtensibilityGlobals) = postSolution
		SolutionGuid = {5B9D431D-376D-431B-B4F6-9C79128324BA}
	EndGlobalSection
EndGlobal
