
Microsoft Visual Studio Solution File, Format Version 12.00
# Visual Studio Version 16
VisualStudioVersion = 16.0.810.5
MinimumVisualStudioVersion = 10.0.40219.1
Project("{FAE04EC0-301F-11D3-BF4B-00C04F79EFBC}") = "Week2Day1Ex2", "Week2Day1Ex2\Week2Day1Ex2.csproj", "{1C051ACC-E778-4BCA-8C1F-ADFEDB9A3C93}"
EndProject
Global
	GlobalSection(SolutionConfigurationPlatforms) = preSolution
		Debug|anycpu = Debug|anycpu
		Release|anycpu = Release|anycpu
	EndGlobalSection
	GlobalSection(ProjectConfigurationPlatforms) = postSolution
		{1C051ACC-E778-4BCA-8C1F-ADFEDB9A3C93}.Debug|anycpu.ActiveCfg = Debug|anycpu
		{1C051ACC-E778-4BCA-8C1F-ADFEDB9A3C93}.Debug|anycpu.Build.0 = Debug|anycpu
		{1C051ACC-E778-4BCA-8C1F-ADFEDB9A3C93}.Release|anycpu.ActiveCfg = Release|anycpu
		{1C051ACC-E778-4BCA-8C1F-ADFEDB9A3C93}.Release|anycpu.Build.0 = Release|anycpu
	EndGlobalSection
	GlobalSection(SolutionProperties) = preSolution
		HideSolutionNode = FALSE
	EndGlobalSection
	GlobalSection(ExtensibilityGlobals) = postSolution
		SolutionGuid = {87CE91C3-6F38-4EE6-AF33-1FD7ACFAF82E}
	EndGlobalSection
EndGlobal
